
Microsoft Visual Studio Solution File, Format Version 12.00
# Visual Studio Version 16
VisualStudioVersion = 16.0.30413.136
MinimumVisualStudioVersion = 10.0.40219.1
Project("{9A19103F-16F7-4668-BE54-9A1E7A4F7556}") = "CustomerApi", "CustomerApi\CustomerApi.csproj", "{4F195CF8-0DB8-486A-B065-07A18C8EB00E}"
EndProject
Project("{FAE04EC0-301F-11D3-BF4B-00C04F79EFBC}") = "Domain", "Domain\Domain.csproj", "{7245B742-6DB8-49D1-A0C6-D5369865CC87}"
EndProject
Project("{FAE04EC0-301F-11D3-BF4B-00C04F79EFBC}") = "Infrastructure", "Infrastructure\Infrastructure.csproj", "{7E772CC0-3A04-4F16-B710-2A0BF7C40F5D}"
EndProject
Global
	GlobalSection(SolutionConfigurationPlatforms) = preSolution
		Debug|Any CPU = Debug|Any CPU
		Release|Any CPU = Release|Any CPU
	EndGlobalSection
	GlobalSection(ProjectConfigurationPlatforms) = postSolution
		{4F195CF8-0DB8-486A-B065-07A18C8EB00E}.Debug|Any CPU.ActiveCfg = Debug|Any CPU
		{4F195CF8-0DB8-486A-B065-07A18C8EB00E}.Debug|Any CPU.Build.0 = Debug|Any CPU
		{4F195CF8-0DB8-486A-B065-07A18C8EB00E}.Release|Any CPU.ActiveCfg = Release|Any CPU
		{4F195CF8-0DB8-486A-B065-07A18C8EB00E}.Release|Any CPU.Build.0 = Release|Any CPU
		{7245B742-6DB8-49D1-A0C6-D5369865CC87}.Debug|Any CPU.ActiveCfg = Debug|Any CPU
		{7245B742-6DB8-49D1-A0C6-D5369865CC87}.Debug|Any CPU.Build.0 = Debug|Any CPU
		{7245B742-6DB8-49D1-A0C6-D5369865CC87}.Release|Any CPU.ActiveCfg = Release|Any CPU
		{7245B742-6DB8-49D1-A0C6-D5369865CC87}.Release|Any CPU.Build.0 = Release|Any CPU
		{7E772CC0-3A04-4F16-B710-2A0BF7C40F5D}.Debug|Any CPU.ActiveCfg = Debug|Any CPU
		{7E772CC0-3A04-4F16-B710-2A0BF7C40F5D}.Debug|Any CPU.Build.0 = Debug|Any CPU
		{7E772CC0-3A04-4F16-B710-2A0BF7C40F5D}.Release|Any CPU.ActiveCfg = Release|Any CPU
		{7E772CC0-3A04-4F16-B710-2A0BF7C40F5D}.Release|Any CPU.Build.0 = Release|Any CPU
	EndGlobalSection
	GlobalSection(SolutionProperties) = preSolution
		HideSolutionNode = FALSE
	EndGlobalSection
	GlobalSection(ExtensibilityGlobals) = postSolution
		SolutionGuid = {29BB8456-4E96-4B13-8A3F-59A2B48F83CD}
	EndGlobalSection
EndGlobal
